
Microsoft Visual Studio Solution File, Format Version 12.00
# Visual Studio Version 17
VisualStudioVersion = 17.3.32922.545
MinimumVisualStudioVersion = 10.0.40219.1
Project("{9A19103F-16F7-4668-BE54-9A1E7A4F7556}") = "MvcVivaLaCarte", "MvcVivaLaCarte\MvcVivaLaCarte.csproj", "{2E8EE1A8-DF36-4783-BB88-1A4700556780}"
EndProject
Project("{FAE04EC0-301F-11D3-BF4B-00C04F79EFBC}") = "ReactRedux", "ReactRedux\ReactRedux.csproj", "{FEC7FD5C-A389-44D4-8715-7DD028250B61}"
EndProject
Global
	GlobalSection(SolutionConfigurationPlatforms) = preSolution
		Debug|Any CPU = Debug|Any CPU
		Release|Any CPU = Release|Any CPU
	EndGlobalSection
	GlobalSection(ProjectConfigurationPlatforms) = postSolution
		{2E8EE1A8-DF36-4783-BB88-1A4700556780}.Debug|Any CPU.ActiveCfg = Debug|Any CPU
		{2E8EE1A8-DF36-4783-BB88-1A4700556780}.Debug|Any CPU.Build.0 = Debug|Any CPU
		{2E8EE1A8-DF36-4783-BB88-1A4700556780}.Release|Any CPU.ActiveCfg = Release|Any CPU
		{2E8EE1A8-DF36-4783-BB88-1A4700556780}.Release|Any CPU.Build.0 = Release|Any CPU
		{FEC7FD5C-A389-44D4-8715-7DD028250B61}.Debug|Any CPU.ActiveCfg = Debug|Any CPU
		{FEC7FD5C-A389-44D4-8715-7DD028250B61}.Debug|Any CPU.Build.0 = Debug|Any CPU
		{FEC7FD5C-A389-44D4-8715-7DD028250B61}.Release|Any CPU.ActiveCfg = Release|Any CPU
		{FEC7FD5C-A389-44D4-8715-7DD028250B61}.Release|Any CPU.Build.0 = Release|Any CPU
	EndGlobalSection
	GlobalSection(SolutionProperties) = preSolution
		HideSolutionNode = FALSE
	EndGlobalSection
	GlobalSection(ExtensibilityGlobals) = postSolution
		SolutionGuid = {0274C89B-FCC2-4877-B5C7-349D51D1561F}
	EndGlobalSection
EndGlobal
