
Microsoft Visual Studio Solution File, Format Version 12.00
# Visual Studio Version 17
VisualStudioVersion = 17.4.33213.308
MinimumVisualStudioVersion = 10.0.40219.1
Project("{9A19103F-16F7-4668-BE54-9A1E7A4F7556}") = "VLC", "VLC.csproj", "{A673DFE9-3318-4F1A-A499-EC8CC90D5804}"
EndProject
Project("{9A19103F-16F7-4668-BE54-9A1E7A4F7556}") = "VLC.Models", "..\VLC.Models\VLC.Models.csproj", "{4626B89B-9EE3-47EA-B2E0-5337F079602A}"
EndProject
Project("{9A19103F-16F7-4668-BE54-9A1E7A4F7556}") = "VLC.Data", "..\VLC.Data\VLC.Data.csproj", "{597AAF92-58A4-4BBE-870E-F2A712FE1117}"
EndProject
Project("{FAE04EC0-301F-11D3-BF4B-00C04F79EFBC}") = "VLC.React", "..\VLC.React\VLC.React.csproj", "{80F1605A-93B4-473A-BF3D-24AF01829A82}"
EndProject
Project("{54A90642-561A-4BB1-A94E-469ADEE60C69}") = "vlc.react.standalone", "..\VLC.React.Standalone\vlc.react.standalone.esproj", "{B7F801F4-73B2-41BA-8DBA-678B9378C8CE}"
EndProject
Global
	GlobalSection(SolutionConfigurationPlatforms) = preSolution
		Debug|Any CPU = Debug|Any CPU
		Release|Any CPU = Release|Any CPU
	EndGlobalSection
	GlobalSection(ProjectConfigurationPlatforms) = postSolution
		{A673DFE9-3318-4F1A-A499-EC8CC90D5804}.Debug|Any CPU.ActiveCfg = Debug|Any CPU
		{A673DFE9-3318-4F1A-A499-EC8CC90D5804}.Debug|Any CPU.Build.0 = Debug|Any CPU
		{A673DFE9-3318-4F1A-A499-EC8CC90D5804}.Release|Any CPU.ActiveCfg = Release|Any CPU
		{A673DFE9-3318-4F1A-A499-EC8CC90D5804}.Release|Any CPU.Build.0 = Release|Any CPU
		{4626B89B-9EE3-47EA-B2E0-5337F079602A}.Debug|Any CPU.ActiveCfg = Debug|Any CPU
		{4626B89B-9EE3-47EA-B2E0-5337F079602A}.Debug|Any CPU.Build.0 = Debug|Any CPU
		{4626B89B-9EE3-47EA-B2E0-5337F079602A}.Release|Any CPU.ActiveCfg = Release|Any CPU
		{4626B89B-9EE3-47EA-B2E0-5337F079602A}.Release|Any CPU.Build.0 = Release|Any CPU
		{597AAF92-58A4-4BBE-870E-F2A712FE1117}.Debug|Any CPU.ActiveCfg = Debug|Any CPU
		{597AAF92-58A4-4BBE-870E-F2A712FE1117}.Debug|Any CPU.Build.0 = Debug|Any CPU
		{597AAF92-58A4-4BBE-870E-F2A712FE1117}.Release|Any CPU.ActiveCfg = Release|Any CPU
		{597AAF92-58A4-4BBE-870E-F2A712FE1117}.Release|Any CPU.Build.0 = Release|Any CPU
		{80F1605A-93B4-473A-BF3D-24AF01829A82}.Debug|Any CPU.ActiveCfg = Debug|Any CPU
		{80F1605A-93B4-473A-BF3D-24AF01829A82}.Debug|Any CPU.Build.0 = Debug|Any CPU
		{80F1605A-93B4-473A-BF3D-24AF01829A82}.Release|Any CPU.ActiveCfg = Release|Any CPU
		{80F1605A-93B4-473A-BF3D-24AF01829A82}.Release|Any CPU.Build.0 = Release|Any CPU
		{B7F801F4-73B2-41BA-8DBA-678B9378C8CE}.Debug|Any CPU.ActiveCfg = Debug|Any CPU
		{B7F801F4-73B2-41BA-8DBA-678B9378C8CE}.Debug|Any CPU.Build.0 = Debug|Any CPU
		{B7F801F4-73B2-41BA-8DBA-678B9378C8CE}.Debug|Any CPU.Deploy.0 = Debug|Any CPU
		{B7F801F4-73B2-41BA-8DBA-678B9378C8CE}.Release|Any CPU.ActiveCfg = Release|Any CPU
		{B7F801F4-73B2-41BA-8DBA-678B9378C8CE}.Release|Any CPU.Build.0 = Release|Any CPU
		{B7F801F4-73B2-41BA-8DBA-678B9378C8CE}.Release|Any CPU.Deploy.0 = Release|Any CPU
	EndGlobalSection
	GlobalSection(SolutionProperties) = preSolution
		HideSolutionNode = FALSE
	EndGlobalSection
	GlobalSection(ExtensibilityGlobals) = postSolution
		SolutionGuid = {41DF6567-CD6C-4225-B8BE-EE60A7D5DDC4}
	EndGlobalSection
EndGlobal
